# This file is automatically @generated by Cargo.
# It is not intended for manual editing.
version = 3

[[package]]
name = "bitonic_first"
version = "0.1.0"

[[package]]
name = "bitonic_second"
version = "0.1.0"

[[package]]
name = "bitonic_third"
version = "0.1.0"

[[package]]
name = "fizzbuzz"
version = "0.1.0"

[[package]]
name = "hello_world"
version = "0.1.0"

[[package]]
name = "user_struct"
version = "0.1.0"

[[package]]
name = "variable_declaration"
version = "0.1.0"
